// !$*UTF8*$!
{
	archiveVersion = 1;
	classes = {
	};
	objectVersion = 52;
	objects = {

/* Begin PBXBuildFile section */
		61067E0A2535AF4E00C9DBF5 /* LoginViewControllerTests.swift in Sources */ = {isa = PBXBuildFile; fileRef = 61067E092535AF4E00C9DBF5 /* LoginViewControllerTests.swift */; };
		61067E2E2535C16300C9DBF5 /* ObjectiveCProjectFromScratchUITests.swift in Sources */ = {isa = PBXBuildFile; fileRef = 61067E2D2535C16300C9DBF5 /* ObjectiveCProjectFromScratchUITests.swift */; };
		614FDC64253089F3000276D4 /* AppDelegate.m in Sources */ = {isa = PBXBuildFile; fileRef = 614FDC63253089F3000276D4 /* AppDelegate.m */; };
		614FDC67253089F3000276D4 /* SceneDelegate.m in Sources */ = {isa = PBXBuildFile; fileRef = 614FDC66253089F3000276D4 /* SceneDelegate.m */; };
		614FDC6A253089F3000276D4 /* LoginViewController.m in Sources */ = {isa = PBXBuildFile; fileRef = 614FDC69253089F3000276D4 /* LoginViewController.m */; };
		614FDC6D253089F3000276D4 /* Main.storyboard in Resources */ = {isa = PBXBuildFile; fileRef = 614FDC6B253089F3000276D4 /* Main.storyboard */; };
		614FDC6F253089F4000276D4 /* Assets.xcassets in Resources */ = {isa = PBXBuildFile; fileRef = 614FDC6E253089F4000276D4 /* Assets.xcassets */; };
		614FDC72253089F4000276D4 /* LaunchScreen.storyboard in Resources */ = {isa = PBXBuildFile; fileRef = 614FDC70253089F4000276D4 /* LaunchScreen.storyboard */; };
		614FDC75253089F4000276D4 /* main.m in Sources */ = {isa = PBXBuildFile; fileRef = 614FDC74253089F4000276D4 /* main.m */; };
		614FDC7D25308B82000276D4 /* Person.m in Sources */ = {isa = PBXBuildFile; fileRef = 614FDC7C25308B82000276D4 /* Person.m */; };
		614FDC8A2530934D000276D4 /* ViewModel.m in Sources */ = {isa = PBXBuildFile; fileRef = 614FDC892530934D000276D4 /* ViewModel.m */; };
		614FDC942530AE8F000276D4 /* InsideViewController.swift in Sources */ = {isa = PBXBuildFile; fileRef = 614FDC932530AE8F000276D4 /* InsideViewController.swift */; };
		615779472535ED9000CE5A73 /* AnimatedStars in Frameworks */ = {isa = PBXBuildFile; productRef = 615779462535ED9000CE5A73 /* AnimatedStars */; };
		6173D21A2537148C006E75E6 /* SoundEngine.swift in Sources */ = {isa = PBXBuildFile; fileRef = 6173D2192537148C006E75E6 /* SoundEngine.swift */; };
		6173D2202537159C006E75E6 /* GoodNews.wav in Resources */ = {isa = PBXBuildFile; fileRef = 6173D21F2537159C006E75E6 /* GoodNews.wav */; };
/* End PBXBuildFile section */

/* Begin PBXContainerItemProxy section */
		61067E0C2535AF4E00C9DBF5 /* PBXContainerItemProxy */ = {
			isa = PBXContainerItemProxy;
			containerPortal = 614FDC57253089F3000276D4 /* Project object */;
			proxyType = 1;
			remoteGlobalIDString = 614FDC5E253089F3000276D4;
			remoteInfo = ObjectiveCProjectFromScratch;
		};
		61067E302535C16300C9DBF5 /* PBXContainerItemProxy */ = {
			isa = PBXContainerItemProxy;
			containerPortal = 614FDC57253089F3000276D4 /* Project object */;
			proxyType = 1;
			remoteGlobalIDString = 614FDC5E253089F3000276D4;
			remoteInfo = ObjectiveCProjectFromScratch;
		};
/* End PBXContainerItemProxy section */

/* Begin PBXFileReference section */
		61067E072535AF4E00C9DBF5 /* BilingualTests.xctest */ = {isa = PBXFileReference; explicitFileType = wrapper.cfbundle; includeInIndex = 0; path = BilingualTests.xctest; sourceTree = BUILT_PRODUCTS_DIR; };
		61067E092535AF4E00C9DBF5 /* LoginViewControllerTests.swift */ = {isa = PBXFileReference; lastKnownFileType = sourcecode.swift; path = LoginViewControllerTests.swift; sourceTree = "<group>"; };
		61067E0B2535AF4E00C9DBF5 /* Info.plist */ = {isa = PBXFileReference; lastKnownFileType = text.plist.xml; path = Info.plist; sourceTree = "<group>"; };
		61067E2B2535C16300C9DBF5 /* BilingualUITests.xctest */ = {isa = PBXFileReference; explicitFileType = wrapper.cfbundle; includeInIndex = 0; path = BilingualUITests.xctest; sourceTree = BUILT_PRODUCTS_DIR; };
		61067E2D2535C16300C9DBF5 /* ObjectiveCProjectFromScratchUITests.swift */ = {isa = PBXFileReference; lastKnownFileType = sourcecode.swift; path = ObjectiveCProjectFromScratchUITests.swift; sourceTree = "<group>"; };
		61067E2F2535C16300C9DBF5 /* Info.plist */ = {isa = PBXFileReference; lastKnownFileType = text.plist.xml; path = Info.plist; sourceTree = "<group>"; };
		614FDC5F253089F3000276D4 /* Bilingual.app */ = {isa = PBXFileReference; explicitFileType = wrapper.application; includeInIndex = 0; path = Bilingual.app; sourceTree = BUILT_PRODUCTS_DIR; };
		614FDC62253089F3000276D4 /* AppDelegate.h */ = {isa = PBXFileReference; lastKnownFileType = sourcecode.c.h; path = AppDelegate.h; sourceTree = "<group>"; };
		614FDC63253089F3000276D4 /* AppDelegate.m */ = {isa = PBXFileReference; lastKnownFileType = sourcecode.c.objc; path = AppDelegate.m; sourceTree = "<group>"; };
		614FDC65253089F3000276D4 /* SceneDelegate.h */ = {isa = PBXFileReference; lastKnownFileType = sourcecode.c.h; path = SceneDelegate.h; sourceTree = "<group>"; };
		614FDC66253089F3000276D4 /* SceneDelegate.m */ = {isa = PBXFileReference; lastKnownFileType = sourcecode.c.objc; path = SceneDelegate.m; sourceTree = "<group>"; };
		614FDC68253089F3000276D4 /* LoginViewController.h */ = {isa = PBXFileReference; lastKnownFileType = sourcecode.c.h; path = LoginViewController.h; sourceTree = "<group>"; };
		614FDC69253089F3000276D4 /* LoginViewController.m */ = {isa = PBXFileReference; lastKnownFileType = sourcecode.c.objc; path = LoginViewController.m; sourceTree = "<group>"; };
		614FDC6C253089F3000276D4 /* Base */ = {isa = PBXFileReference; lastKnownFileType = file.storyboard; name = Base; path = Base.lproj/Main.storyboard; sourceTree = "<group>"; };
		614FDC6E253089F4000276D4 /* Assets.xcassets */ = {isa = PBXFileReference; lastKnownFileType = folder.assetcatalog; path = Assets.xcassets; sourceTree = "<group>"; };
		614FDC71253089F4000276D4 /* Base */ = {isa = PBXFileReference; lastKnownFileType = file.storyboard; name = Base; path = Base.lproj/LaunchScreen.storyboard; sourceTree = "<group>"; };
		614FDC73253089F4000276D4 /* Info.plist */ = {isa = PBXFileReference; lastKnownFileType = text.plist.xml; path = Info.plist; sourceTree = "<group>"; };
		614FDC74253089F4000276D4 /* main.m */ = {isa = PBXFileReference; lastKnownFileType = sourcecode.c.objc; path = main.m; sourceTree = "<group>"; };
		614FDC7C25308B82000276D4 /* Person.m */ = {isa = PBXFileReference; lastKnownFileType = sourcecode.c.objc; path = Person.m; sourceTree = "<group>"; };
		614FDC8525308BC9000276D4 /* Person.h */ = {isa = PBXFileReference; lastKnownFileType = sourcecode.c.h; path = Person.h; sourceTree = "<group>"; };
		614FDC892530934D000276D4 /* ViewModel.m */ = {isa = PBXFileReference; lastKnownFileType = sourcecode.c.objc; path = ViewModel.m; sourceTree = "<group>"; };
		614FDC8D25309360000276D4 /* ViewModel.h */ = {isa = PBXFileReference; lastKnownFileType = sourcecode.c.h; path = ViewModel.h; sourceTree = "<group>"; };
		614FDC922530AE8F000276D4 /* ObjectiveCProjectFromScratch-Bridging-Header.h */ = {isa = PBXFileReference; lastKnownFileType = sourcecode.c.h; path = "ObjectiveCProjectFromScratch-Bridging-Header.h"; sourceTree = "<group>"; };
		614FDC932530AE8F000276D4 /* InsideViewController.swift */ = {isa = PBXFileReference; lastKnownFileType = sourcecode.swift; path = InsideViewController.swift; sourceTree = "<group>"; };
		615779422535ED2E00CE5A73 /* AnimatedStars */ = {isa = PBXFileReference; lastKnownFileType = folder; name = AnimatedStars; path = "../../../Learning Swift/AnimatedStars"; sourceTree = "<group>"; };
		6173D2192537148C006E75E6 /* SoundEngine.swift */ = {isa = PBXFileReference; lastKnownFileType = sourcecode.swift; path = SoundEngine.swift; sourceTree = "<group>"; };
		6173D21F2537159C006E75E6 /* GoodNews.wav */ = {isa = PBXFileReference; lastKnownFileType = audio.wav; path = GoodNews.wav; sourceTree = "<group>"; };
/* End PBXFileReference section */

/* Begin PBXFrameworksBuildPhase section */
		61067E042535AF4E00C9DBF5 /* Frameworks */ = {
			isa = PBXFrameworksBuildPhase;
			buildActionMask = 2147483647;
			files = (
			);
			runOnlyForDeploymentPostprocessing = 0;
		};
		61067E282535C16300C9DBF5 /* Frameworks */ = {
			isa = PBXFrameworksBuildPhase;
			buildActionMask = 2147483647;
			files = (
			);
			runOnlyForDeploymentPostprocessing = 0;
		};
		614FDC5C253089F3000276D4 /* Frameworks */ = {
			isa = PBXFrameworksBuildPhase;
			buildActionMask = 2147483647;
			files = (
				615779472535ED9000CE5A73 /* AnimatedStars in Frameworks */,
			);
			runOnlyForDeploymentPostprocessing = 0;
		};
/* End PBXFrameworksBuildPhase section */

/* Begin PBXGroup section */
		61067E082535AF4E00C9DBF5 /* ObjectiveCProjectFromScratchTests */ = {
			isa = PBXGroup;
			children = (
				61067E092535AF4E00C9DBF5 /* LoginViewControllerTests.swift */,
				61067E0B2535AF4E00C9DBF5 /* Info.plist */,
			);
			path = ObjectiveCProjectFromScratchTests;
			sourceTree = "<group>";
		};
		61067E2C2535C16300C9DBF5 /* ObjectiveCProjectFromScratchUITests */ = {
			isa = PBXGroup;
			children = (
				61067E2D2535C16300C9DBF5 /* ObjectiveCProjectFromScratchUITests.swift */,
				61067E2F2535C16300C9DBF5 /* Info.plist */,
			);
			path = ObjectiveCProjectFromScratchUITests;
			sourceTree = "<group>";
		};
		614FDC56253089F3000276D4 = {
			isa = PBXGroup;
			children = (
				615779422535ED2E00CE5A73 /* AnimatedStars */,
				614FDC61253089F3000276D4 /* ObjectiveCProjectFromScratch */,
				61067E082535AF4E00C9DBF5 /* ObjectiveCProjectFromScratchTests */,
				61067E2C2535C16300C9DBF5 /* ObjectiveCProjectFromScratchUITests */,
				614FDC60253089F3000276D4 /* Products */,
			);
			sourceTree = "<group>";
		};
		614FDC60253089F3000276D4 /* Products */ = {
			isa = PBXGroup;
			children = (
				614FDC5F253089F3000276D4 /* Bilingual.app */,
				61067E072535AF4E00C9DBF5 /* BilingualTests.xctest */,
				61067E2B2535C16300C9DBF5 /* BilingualUITests.xctest */,
			);
			name = Products;
			sourceTree = "<group>";
		};
		614FDC61253089F3000276D4 /* ObjectiveCProjectFromScratch */ = {
			isa = PBXGroup;
			children = (
				614FDC62253089F3000276D4 /* AppDelegate.h */,
				614FDC63253089F3000276D4 /* AppDelegate.m */,
				614FDC65253089F3000276D4 /* SceneDelegate.h */,
				614FDC66253089F3000276D4 /* SceneDelegate.m */,
				614FDC982530B08A000276D4 /* Bridge */,
				614FDC7F25308B88000276D4 /* Model */,
				614FDC8425308B99000276D4 /* View */,
				614FDC8825309339000276D4 /* ViewModel */,
				614FDC8125308B8F000276D4 /* Controller */,
				6173D21E2537152E006E75E6 /* Sounds */,
				614FDC6E253089F4000276D4 /* Assets.xcassets */,
				614FDC73253089F4000276D4 /* Info.plist */,
				614FDC74253089F4000276D4 /* main.m */,
			);
			path = ObjectiveCProjectFromScratch;
			sourceTree = "<group>";
		};
		614FDC7F25308B88000276D4 /* Model */ = {
			isa = PBXGroup;
			children = (
				614FDC8525308BC9000276D4 /* Person.h */,
				614FDC7C25308B82000276D4 /* Person.m */,
				6173D2192537148C006E75E6 /* SoundEngine.swift */,
			);
			path = Model;
			sourceTree = "<group>";
		};
		614FDC8125308B8F000276D4 /* Controller */ = {
			isa = PBXGroup;
			children = (
				614FDC68253089F3000276D4 /* LoginViewController.h */,
				614FDC69253089F3000276D4 /* LoginViewController.m */,
				614FDC932530AE8F000276D4 /* InsideViewController.swift */,
			);
			path = Controller;
			sourceTree = "<group>";
		};
		614FDC8425308B99000276D4 /* View */ = {
			isa = PBXGroup;
			children = (
				614FDC6B253089F3000276D4 /* Main.storyboard */,
				614FDC70253089F4000276D4 /* LaunchScreen.storyboard */,
			);
			path = View;
			sourceTree = "<group>";
		};
		614FDC8825309339000276D4 /* ViewModel */ = {
			isa = PBXGroup;
			children = (
				614FDC8D25309360000276D4 /* ViewModel.h */,
				614FDC892530934D000276D4 /* ViewModel.m */,
			);
			path = ViewModel;
			sourceTree = "<group>";
		};
		614FDC982530B08A000276D4 /* Bridge */ = {
			isa = PBXGroup;
			children = (
				614FDC922530AE8F000276D4 /* ObjectiveCProjectFromScratch-Bridging-Header.h */,
			);
			path = Bridge;
			sourceTree = "<group>";
		};
		6173D21E2537152E006E75E6 /* Sounds */ = {
			isa = PBXGroup;
			children = (
				6173D21F2537159C006E75E6 /* GoodNews.wav */,
			);
			path = Sounds;
			sourceTree = "<group>";
		};
/* End PBXGroup section */

/* Begin PBXNativeTarget section */
		61067E062535AF4E00C9DBF5 /* BilingualTests */ = {
			isa = PBXNativeTarget;
			buildConfigurationList = 61067E102535AF4E00C9DBF5 /* Build configuration list for PBXNativeTarget "BilingualTests" */;
			buildPhases = (
				61067E032535AF4E00C9DBF5 /* Sources */,
				61067E042535AF4E00C9DBF5 /* Frameworks */,
				61067E052535AF4E00C9DBF5 /* Resources */,
			);
			buildRules = (
			);
			dependencies = (
				61067E0D2535AF4E00C9DBF5 /* PBXTargetDependency */,
			);
			name = BilingualTests;
			productName = ObjectiveCProjectFromScratchTests;
			productReference = 61067E072535AF4E00C9DBF5 /* BilingualTests.xctest */;
			productType = "com.apple.product-type.bundle.unit-test";
		};
		61067E2A2535C16300C9DBF5 /* BilingualUITests */ = {
			isa = PBXNativeTarget;
			buildConfigurationList = 61067E322535C16300C9DBF5 /* Build configuration list for PBXNativeTarget "BilingualUITests" */;
			buildPhases = (
				61067E272535C16300C9DBF5 /* Sources */,
				61067E282535C16300C9DBF5 /* Frameworks */,
				61067E292535C16300C9DBF5 /* Resources */,
			);
			buildRules = (
			);
			dependencies = (
				61067E312535C16300C9DBF5 /* PBXTargetDependency */,
			);
			name = BilingualUITests;
			productName = ObjectiveCProjectFromScratchUITests;
			productReference = 61067E2B2535C16300C9DBF5 /* BilingualUITests.xctest */;
			productType = "com.apple.product-type.bundle.ui-testing";
		};
		614FDC5E253089F3000276D4 /* Bilingual */ = {
			isa = PBXNativeTarget;
			buildConfigurationList = 614FDC78253089F4000276D4 /* Build configuration list for PBXNativeTarget "Bilingual" */;
			buildPhases = (
				614FDC5B253089F3000276D4 /* Sources */,
				614FDC5C253089F3000276D4 /* Frameworks */,
				614FDC5D253089F3000276D4 /* Resources */,
			);
			buildRules = (
			);
			dependencies = (
			);
			name = Bilingual;
			packageProductDependencies = (
				615779462535ED9000CE5A73 /* AnimatedStars */,
			);
			productName = ObjectiveCProjectFromScratch;
			productReference = 614FDC5F253089F3000276D4 /* Bilingual.app */;
			productType = "com.apple.product-type.application";
		};
/* End PBXNativeTarget section */

/* Begin PBXProject section */
		614FDC57253089F3000276D4 /* Project object */ = {
			isa = PBXProject;
			attributes = {
				LastSwiftUpdateCheck = 1200;
				LastUpgradeCheck = 1200;
				TargetAttributes = {
					61067E062535AF4E00C9DBF5 = {
						CreatedOnToolsVersion = 12.0.1;
						TestTargetID = 614FDC5E253089F3000276D4;
					};
					61067E2A2535C16300C9DBF5 = {
						CreatedOnToolsVersion = 12.0.1;
						TestTargetID = 614FDC5E253089F3000276D4;
					};
					614FDC5E253089F3000276D4 = {
						CreatedOnToolsVersion = 12.0.1;
						LastSwiftMigration = 1200;
					};
				};
			};
			buildConfigurationList = 614FDC5A253089F3000276D4 /* Build configuration list for PBXProject "Bilingual" */;
			compatibilityVersion = "Xcode 9.3";
			developmentRegion = en;
			hasScannedForEncodings = 0;
			knownRegions = (
				en,
				Base,
			);
			mainGroup = 614FDC56253089F3000276D4;
			productRefGroup = 614FDC60253089F3000276D4 /* Products */;
			projectDirPath = "";
			projectRoot = "";
			targets = (
				614FDC5E253089F3000276D4 /* Bilingual */,
				61067E062535AF4E00C9DBF5 /* BilingualTests */,
				61067E2A2535C16300C9DBF5 /* BilingualUITests */,
			);
		};
/* End PBXProject section */

/* Begin PBXResourcesBuildPhase section */
		61067E052535AF4E00C9DBF5 /* Resources */ = {
			isa = PBXResourcesBuildPhase;
			buildActionMask = 2147483647;
			files = (
			);
			runOnlyForDeploymentPostprocessing = 0;
		};
		61067E292535C16300C9DBF5 /* Resources */ = {
			isa = PBXResourcesBuildPhase;
			buildActionMask = 2147483647;
			files = (
			);
			runOnlyForDeploymentPostprocessing = 0;
		};
		614FDC5D253089F3000276D4 /* Resources */ = {
			isa = PBXResourcesBuildPhase;
			buildActionMask = 2147483647;
			files = (
				614FDC72253089F4000276D4 /* LaunchScreen.storyboard in Resources */,
				614FDC6F253089F4000276D4 /* Assets.xcassets in Resources */,
				6173D2202537159C006E75E6 /* GoodNews.wav in Resources */,
				614FDC6D253089F3000276D4 /* Main.storyboard in Resources */,
			);
			runOnlyForDeploymentPostprocessing = 0;
		};
/* End PBXResourcesBuildPhase section */

/* Begin PBXSourcesBuildPhase section */
		61067E032535AF4E00C9DBF5 /* Sources */ = {
			isa = PBXSourcesBuildPhase;
			buildActionMask = 2147483647;
			files = (
				61067E0A2535AF4E00C9DBF5 /* LoginViewControllerTests.swift in Sources */,
			);
			runOnlyForDeploymentPostprocessing = 0;
		};
		61067E272535C16300C9DBF5 /* Sources */ = {
			isa = PBXSourcesBuildPhase;
			buildActionMask = 2147483647;
			files = (
				61067E2E2535C16300C9DBF5 /* ObjectiveCProjectFromScratchUITests.swift in Sources */,
			);
			runOnlyForDeploymentPostprocessing = 0;
		};
		614FDC5B253089F3000276D4 /* Sources */ = {
			isa = PBXSourcesBuildPhase;
			buildActionMask = 2147483647;
			files = (
				614FDC8A2530934D000276D4 /* ViewModel.m in Sources */,
				614FDC6A253089F3000276D4 /* LoginViewController.m in Sources */,
				614FDC64253089F3000276D4 /* AppDelegate.m in Sources */,
				6173D21A2537148C006E75E6 /* SoundEngine.swift in Sources */,
				614FDC75253089F4000276D4 /* main.m in Sources */,
				614FDC67253089F3000276D4 /* SceneDelegate.m in Sources */,
				614FDC7D25308B82000276D4 /* Person.m in Sources */,
				614FDC942530AE8F000276D4 /* InsideViewController.swift in Sources */,
			);
			runOnlyForDeploymentPostprocessing = 0;
		};
/* End PBXSourcesBuildPhase section */

/* Begin PBXTargetDependency section */
		61067E0D2535AF4E00C9DBF5 /* PBXTargetDependency */ = {
			isa = PBXTargetDependency;
			target = 614FDC5E253089F3000276D4 /* Bilingual */;
			targetProxy = 61067E0C2535AF4E00C9DBF5 /* PBXContainerItemProxy */;
		};
		61067E312535C16300C9DBF5 /* PBXTargetDependency */ = {
			isa = PBXTargetDependency;
			target = 614FDC5E253089F3000276D4 /* Bilingual */;
			targetProxy = 61067E302535C16300C9DBF5 /* PBXContainerItemProxy */;
		};
/* End PBXTargetDependency section */

/* Begin PBXVariantGroup section */
		614FDC6B253089F3000276D4 /* Main.storyboard */ = {
			isa = PBXVariantGroup;
			children = (
				614FDC6C253089F3000276D4 /* Base */,
			);
			name = Main.storyboard;
			sourceTree = "<group>";
		};
		614FDC70253089F4000276D4 /* LaunchScreen.storyboard */ = {
			isa = PBXVariantGroup;
			children = (
				614FDC71253089F4000276D4 /* Base */,
			);
			name = LaunchScreen.storyboard;
			sourceTree = "<group>";
		};
/* End PBXVariantGroup section */

/* Begin XCBuildConfiguration section */
		61067E0E2535AF4E00C9DBF5 /* Debug */ = {
			isa = XCBuildConfiguration;
			buildSettings = {
				BUNDLE_LOADER = "$(TEST_HOST)";
				CODE_SIGN_STYLE = Automatic;
				DEVELOPMENT_TEAM = PPKWWF5N6S;
				INFOPLIST_FILE = ObjectiveCProjectFromScratchTests/Info.plist;
				LD_RUNPATH_SEARCH_PATHS = (
					"$(inherited)",
					"@executable_path/Frameworks",
					"@loader_path/Frameworks",
				);
				PRODUCT_BUNDLE_IDENTIFIER = com.murraygoodwin.ObjectiveCProjectFromScratchTests;
				PRODUCT_NAME = "$(TARGET_NAME)";
				SWIFT_ACTIVE_COMPILATION_CONDITIONS = DEBUG;
				SWIFT_OPTIMIZATION_LEVEL = "-Onone";
				SWIFT_VERSION = 5.0;
				TARGETED_DEVICE_FAMILY = "1,2";
				TEST_HOST = "$(BUILT_PRODUCTS_DIR)/Bilingual.app/Bilingual";
			};
			name = Debug;
		};
		61067E0F2535AF4E00C9DBF5 /* Release */ = {
			isa = XCBuildConfiguration;
			buildSettings = {
				BUNDLE_LOADER = "$(TEST_HOST)";
				CODE_SIGN_STYLE = Automatic;
				DEVELOPMENT_TEAM = PPKWWF5N6S;
				INFOPLIST_FILE = ObjectiveCProjectFromScratchTests/Info.plist;
				LD_RUNPATH_SEARCH_PATHS = (
					"$(inherited)",
					"@executable_path/Frameworks",
					"@loader_path/Frameworks",
				);
				PRODUCT_BUNDLE_IDENTIFIER = com.murraygoodwin.ObjectiveCProjectFromScratchTests;
				PRODUCT_NAME = "$(TARGET_NAME)";
				SWIFT_COMPILATION_MODE = wholemodule;
				SWIFT_OPTIMIZATION_LEVEL = "-O";
				SWIFT_VERSION = 5.0;
				TARGETED_DEVICE_FAMILY = "1,2";
				TEST_HOST = "$(BUILT_PRODUCTS_DIR)/Bilingual.app/Bilingual";
			};
			name = Release;
		};
		61067E332535C16300C9DBF5 /* Debug */ = {
			isa = XCBuildConfiguration;
			buildSettings = {
				CODE_SIGN_STYLE = Automatic;
				DEVELOPMENT_TEAM = PPKWWF5N6S;
				INFOPLIST_FILE = ObjectiveCProjectFromScratchUITests/Info.plist;
				LD_RUNPATH_SEARCH_PATHS = (
					"$(inherited)",
					"@executable_path/Frameworks",
					"@loader_path/Frameworks",
				);
				PRODUCT_BUNDLE_IDENTIFIER = com.murraygoodwin.ObjectiveCProjectFromScratchUITests;
				PRODUCT_NAME = "$(TARGET_NAME)";
				SWIFT_ACTIVE_COMPILATION_CONDITIONS = DEBUG;
				SWIFT_OPTIMIZATION_LEVEL = "-Onone";
				SWIFT_VERSION = 5.0;
				TARGETED_DEVICE_FAMILY = "1,2";
				TEST_TARGET_NAME = ObjectiveCProjectFromScratch;
			};
			name = Debug;
		};
		61067E342535C16300C9DBF5 /* Release */ = {
			isa = XCBuildConfiguration;
			buildSettings = {
				CODE_SIGN_STYLE = Automatic;
				DEVELOPMENT_TEAM = PPKWWF5N6S;
				INFOPLIST_FILE = ObjectiveCProjectFromScratchUITests/Info.plist;
				LD_RUNPATH_SEARCH_PATHS = (
					"$(inherited)",
					"@executable_path/Frameworks",
					"@loader_path/Frameworks",
				);
				PRODUCT_BUNDLE_IDENTIFIER = com.murraygoodwin.ObjectiveCProjectFromScratchUITests;
				PRODUCT_NAME = "$(TARGET_NAME)";
				SWIFT_COMPILATION_MODE = wholemodule;
				SWIFT_OPTIMIZATION_LEVEL = "-O";
				SWIFT_VERSION = 5.0;
				TARGETED_DEVICE_FAMILY = "1,2";
				TEST_TARGET_NAME = ObjectiveCProjectFromScratch;
			};
			name = Release;
		};
		614FDC76253089F4000276D4 /* Debug */ = {
			isa = XCBuildConfiguration;
			buildSettings = {
				ALWAYS_SEARCH_USER_PATHS = NO;
				CLANG_ANALYZER_NONNULL = YES;
				CLANG_ANALYZER_NUMBER_OBJECT_CONVERSION = YES_AGGRESSIVE;
				CLANG_CXX_LANGUAGE_STANDARD = "gnu++14";
				CLANG_CXX_LIBRARY = "libc++";
				CLANG_ENABLE_MODULES = YES;
				CLANG_ENABLE_OBJC_ARC = YES;
				CLANG_ENABLE_OBJC_WEAK = YES;
				CLANG_WARN_BLOCK_CAPTURE_AUTORELEASING = YES;
				CLANG_WARN_BOOL_CONVERSION = YES;
				CLANG_WARN_COMMA = YES;
				CLANG_WARN_CONSTANT_CONVERSION = YES;
				CLANG_WARN_DEPRECATED_OBJC_IMPLEMENTATIONS = YES;
				CLANG_WARN_DIRECT_OBJC_ISA_USAGE = YES_ERROR;
				CLANG_WARN_DOCUMENTATION_COMMENTS = YES;
				CLANG_WARN_EMPTY_BODY = YES;
				CLANG_WARN_ENUM_CONVERSION = YES;
				CLANG_WARN_INFINITE_RECURSION = YES;
				CLANG_WARN_INT_CONVERSION = YES;
				CLANG_WARN_NON_LITERAL_NULL_CONVERSION = YES;
				CLANG_WARN_OBJC_IMPLICIT_RETAIN_SELF = YES;
				CLANG_WARN_OBJC_LITERAL_CONVERSION = YES;
				CLANG_WARN_OBJC_ROOT_CLASS = YES_ERROR;
				CLANG_WARN_QUOTED_INCLUDE_IN_FRAMEWORK_HEADER = YES;
				CLANG_WARN_RANGE_LOOP_ANALYSIS = YES;
				CLANG_WARN_STRICT_PROTOTYPES = YES;
				CLANG_WARN_SUSPICIOUS_MOVE = YES;
				CLANG_WARN_UNGUARDED_AVAILABILITY = YES_AGGRESSIVE;
				CLANG_WARN_UNREACHABLE_CODE = YES;
				CLANG_WARN__DUPLICATE_METHOD_MATCH = YES;
				COPY_PHASE_STRIP = NO;
				DEBUG_INFORMATION_FORMAT = dwarf;
				ENABLE_STRICT_OBJC_MSGSEND = YES;
				ENABLE_TESTABILITY = YES;
				GCC_C_LANGUAGE_STANDARD = gnu11;
				GCC_DYNAMIC_NO_PIC = NO;
				GCC_NO_COMMON_BLOCKS = YES;
				GCC_OPTIMIZATION_LEVEL = 0;
				GCC_PREPROCESSOR_DEFINITIONS = (
					"DEBUG=1",
					"$(inherited)",
				);
				GCC_WARN_64_TO_32_BIT_CONVERSION = YES;
				GCC_WARN_ABOUT_RETURN_TYPE = YES_ERROR;
				GCC_WARN_UNDECLARED_SELECTOR = YES;
				GCC_WARN_UNINITIALIZED_AUTOS = YES_AGGRESSIVE;
				GCC_WARN_UNUSED_FUNCTION = YES;
				GCC_WARN_UNUSED_VARIABLE = YES;
				HEADER_SEARCH_PATHS = "ObjectiveCProjectFromScratch/Bridge/ObjectiveCProjectFromScratch-Bridging-Header.h";
				IPHONEOS_DEPLOYMENT_TARGET = 14.0;
				MTL_ENABLE_DEBUG_INFO = INCLUDE_SOURCE;
				MTL_FAST_MATH = YES;
				ONLY_ACTIVE_ARCH = YES;
				SDKROOT = iphoneos;
			};
			name = Debug;
		};
		614FDC77253089F4000276D4 /* Release */ = {
			isa = XCBuildConfiguration;
			buildSettings = {
				ALWAYS_SEARCH_USER_PATHS = NO;
				CLANG_ANALYZER_NONNULL = YES;
				CLANG_ANALYZER_NUMBER_OBJECT_CONVERSION = YES_AGGRESSIVE;
				CLANG_CXX_LANGUAGE_STANDARD = "gnu++14";
				CLANG_CXX_LIBRARY = "libc++";
				CLANG_ENABLE_MODULES = YES;
				CLANG_ENABLE_OBJC_ARC = YES;
				CLANG_ENABLE_OBJC_WEAK = YES;
				CLANG_WARN_BLOCK_CAPTURE_AUTORELEASING = YES;
				CLANG_WARN_BOOL_CONVERSION = YES;
				CLANG_WARN_COMMA = YES;
				CLANG_WARN_CONSTANT_CONVERSION = YES;
				CLANG_WARN_DEPRECATED_OBJC_IMPLEMENTATIONS = YES;
				CLANG_WARN_DIRECT_OBJC_ISA_USAGE = YES_ERROR;
				CLANG_WARN_DOCUMENTATION_COMMENTS = YES;
				CLANG_WARN_EMPTY_BODY = YES;
				CLANG_WARN_ENUM_CONVERSION = YES;
				CLANG_WARN_INFINITE_RECURSION = YES;
				CLANG_WARN_INT_CONVERSION = YES;
				CLANG_WARN_NON_LITERAL_NULL_CONVERSION = YES;
				CLANG_WARN_OBJC_IMPLICIT_RETAIN_SELF = YES;
				CLANG_WARN_OBJC_LITERAL_CONVERSION = YES;
				CLANG_WARN_OBJC_ROOT_CLASS = YES_ERROR;
				CLANG_WARN_QUOTED_INCLUDE_IN_FRAMEWORK_HEADER = YES;
				CLANG_WARN_RANGE_LOOP_ANALYSIS = YES;
				CLANG_WARN_STRICT_PROTOTYPES = YES;
				CLANG_WARN_SUSPICIOUS_MOVE = YES;
				CLANG_WARN_UNGUARDED_AVAILABILITY = YES_AGGRESSIVE;
				CLANG_WARN_UNREACHABLE_CODE = YES;
				CLANG_WARN__DUPLICATE_METHOD_MATCH = YES;
				COPY_PHASE_STRIP = NO;
				DEBUG_INFORMATION_FORMAT = "dwarf-with-dsym";
				ENABLE_NS_ASSERTIONS = NO;
				ENABLE_STRICT_OBJC_MSGSEND = YES;
				GCC_C_LANGUAGE_STANDARD = gnu11;
				GCC_NO_COMMON_BLOCKS = YES;
				GCC_WARN_64_TO_32_BIT_CONVERSION = YES;
				GCC_WARN_ABOUT_RETURN_TYPE = YES_ERROR;
				GCC_WARN_UNDECLARED_SELECTOR = YES;
				GCC_WARN_UNINITIALIZED_AUTOS = YES_AGGRESSIVE;
				GCC_WARN_UNUSED_FUNCTION = YES;
				GCC_WARN_UNUSED_VARIABLE = YES;
				HEADER_SEARCH_PATHS = "ObjectiveCProjectFromScratch/Bridge/ObjectiveCProjectFromScratch-Bridging-Header.h";
				IPHONEOS_DEPLOYMENT_TARGET = 14.0;
				MTL_ENABLE_DEBUG_INFO = NO;
				MTL_FAST_MATH = YES;
				SDKROOT = iphoneos;
				VALIDATE_PRODUCT = YES;
			};
			name = Release;
		};
		614FDC79253089F4000276D4 /* Debug */ = {
			isa = XCBuildConfiguration;
			buildSettings = {
				ASSETCATALOG_COMPILER_APPICON_NAME = AppIcon;
				ASSETCATALOG_COMPILER_GLOBAL_ACCENT_COLOR_NAME = AccentColor;
				CLANG_ENABLE_MODULES = YES;
				CODE_SIGN_STYLE = Automatic;
				DEVELOPMENT_TEAM = PPKWWF5N6S;
				INFOPLIST_FILE = ObjectiveCProjectFromScratch/Info.plist;
				LD_RUNPATH_SEARCH_PATHS = (
					"$(inherited)",
					"@executable_path/Frameworks",
				);
				PRODUCT_BUNDLE_IDENTIFIER = com.murraygoodwin.ObjectiveCProjectFromScratch;
				PRODUCT_NAME = "$(TARGET_NAME)";
				SWIFT_OBJC_BRIDGING_HEADER = "ObjectiveCProjectFromScratch/Bridge/ObjectiveCProjectFromScratch-Bridging-Header.h";
				SWIFT_OPTIMIZATION_LEVEL = "-Onone";
				SWIFT_VERSION = 5.0;
				TARGETED_DEVICE_FAMILY = 1;
			};
			name = Debug;
		};
		614FDC7A253089F4000276D4 /* Release */ = {
			isa = XCBuildConfiguration;
			buildSettings = {
				ASSETCATALOG_COMPILER_APPICON_NAME = AppIcon;
				ASSETCATALOG_COMPILER_GLOBAL_ACCENT_COLOR_NAME = AccentColor;
				CLANG_ENABLE_MODULES = YES;
				CODE_SIGN_STYLE = Automatic;
				DEVELOPMENT_TEAM = PPKWWF5N6S;
				INFOPLIST_FILE = ObjectiveCProjectFromScratch/Info.plist;
				LD_RUNPATH_SEARCH_PATHS = (
					"$(inherited)",
					"@executable_path/Frameworks",
				);
				PRODUCT_BUNDLE_IDENTIFIER = com.murraygoodwin.ObjectiveCProjectFromScratch;
				PRODUCT_NAME = "$(TARGET_NAME)";
				SWIFT_OBJC_BRIDGING_HEADER = "ObjectiveCProjectFromScratch/Bridge/ObjectiveCProjectFromScratch-Bridging-Header.h";
				SWIFT_VERSION = 5.0;
				TARGETED_DEVICE_FAMILY = 1;
			};
			name = Release;
		};
/* End XCBuildConfiguration section */

/* Begin XCConfigurationList section */
		61067E102535AF4E00C9DBF5 /* Build configuration list for PBXNativeTarget "BilingualTests" */ = {
			isa = XCConfigurationList;
			buildConfigurations = (
				61067E0E2535AF4E00C9DBF5 /* Debug */,
				61067E0F2535AF4E00C9DBF5 /* Release */,
			);
			defaultConfigurationIsVisible = 0;
			defaultConfigurationName = Release;
		};
		61067E322535C16300C9DBF5 /* Build configuration list for PBXNativeTarget "BilingualUITests" */ = {
			isa = XCConfigurationList;
			buildConfigurations = (
				61067E332535C16300C9DBF5 /* Debug */,
				61067E342535C16300C9DBF5 /* Release */,
			);
			defaultConfigurationIsVisible = 0;
			defaultConfigurationName = Release;
		};
		614FDC5A253089F3000276D4 /* Build configuration list for PBXProject "Bilingual" */ = {
			isa = XCConfigurationList;
			buildConfigurations = (
				614FDC76253089F4000276D4 /* Debug */,
				614FDC77253089F4000276D4 /* Release */,
			);
			defaultConfigurationIsVisible = 0;
			defaultConfigurationName = Release;
		};
		614FDC78253089F4000276D4 /* Build configuration list for PBXNativeTarget "Bilingual" */ = {
			isa = XCConfigurationList;
			buildConfigurations = (
				614FDC79253089F4000276D4 /* Debug */,
				614FDC7A253089F4000276D4 /* Release */,
			);
			defaultConfigurationIsVisible = 0;
			defaultConfigurationName = Release;
		};
/* End XCConfigurationList section */

/* Begin XCSwiftPackageProductDependency section */
		615779462535ED9000CE5A73 /* AnimatedStars */ = {
			isa = XCSwiftPackageProductDependency;
			productName = AnimatedStars;
		};
/* End XCSwiftPackageProductDependency section */
	};
	rootObject = 614FDC57253089F3000276D4 /* Project object */;
}
